
Microsoft Visual Studio Solution File, Format Version 12.00
# Visual Studio Version 17
VisualStudioVersion = 17.4.33122.133
MinimumVisualStudioVersion = 10.0.40219.1
Project("{FAE04EC0-301F-11D3-BF4B-00C04F79EFBC}") = "Plateup GetItems", "Plateup GetItems.csproj", "{105CECCC-FD7A-4556-8975-9E4E29E43A66}"
EndProject
Global
	GlobalSection(SolutionConfigurationPlatforms) = preSolution
		Debug|Any CPU = Debug|Any CPU
		Release|Any CPU = Release|Any CPU
	EndGlobalSection
	GlobalSection(ProjectConfigurationPlatforms) = postSolution
		{105CECCC-FD7A-4556-8975-9E4E29E43A66}.Debug|Any CPU.ActiveCfg = Debug|Any CPU
		{105CECCC-FD7A-4556-8975-9E4E29E43A66}.Debug|Any CPU.Build.0 = Debug|Any CPU
		{105CECCC-FD7A-4556-8975-9E4E29E43A66}.Release|Any CPU.ActiveCfg = Release|Any CPU
		{105CECCC-FD7A-4556-8975-9E4E29E43A66}.Release|Any CPU.Build.0 = Release|Any CPU
	EndGlobalSection
	GlobalSection(SolutionProperties) = preSolution
		HideSolutionNode = FALSE
	EndGlobalSection
	GlobalSection(ExtensibilityGlobals) = postSolution
		SolutionGuid = {0885F698-51BD-4612-A8E7-6B5C3BC0F804}
	EndGlobalSection
EndGlobal
